
Microsoft Visual Studio Solution File, Format Version 12.00
# Visual Studio Version 17
VisualStudioVersion = 17.14.36811.4 d17.14
MinimumVisualStudioVersion = 10.0.40219.1
Project("{FAE04EC0-301F-11D3-BF4B-00C04F79EFBC}") = "SchoolStudentAPI", "SchoolStudentAPI\SchoolStudentAPI.csproj", "{AC46E9A2-08B8-4616-976D-2DE4FE3B4163}"
EndProject
Global
	GlobalSection(SolutionConfigurationPlatforms) = preSolution
		Debug|Any CPU = Debug|Any CPU
		Release|Any CPU = Release|Any CPU
	EndGlobalSection
	GlobalSection(ProjectConfigurationPlatforms) = postSolution
		{AC46E9A2-08B8-4616-976D-2DE4FE3B4163}.Debug|Any CPU.ActiveCfg = Debug|Any CPU
		{AC46E9A2-08B8-4616-976D-2DE4FE3B4163}.Debug|Any CPU.Build.0 = Debug|Any CPU
		{AC46E9A2-08B8-4616-976D-2DE4FE3B4163}.Release|Any CPU.ActiveCfg = Release|Any CPU
		{AC46E9A2-08B8-4616-976D-2DE4FE3B4163}.Release|Any CPU.Build.0 = Release|Any CPU
	EndGlobalSection
	GlobalSection(SolutionProperties) = preSolution
		HideSolutionNode = FALSE
	EndGlobalSection
	GlobalSection(ExtensibilityGlobals) = postSolution
		SolutionGuid = {6AB120F9-3F28-4321-BB3D-10AB02D9B9A8}
	EndGlobalSection
EndGlobal
